
Microsoft Visual Studio Solution File, Format Version 12.00
# Visual Studio 15
VisualStudioVersion = 15.0.28307.572
MinimumVisualStudioVersion = 10.0.40219.1
Project("{FAE04EC0-301F-11D3-BF4B-00C04F79EFBC}") = "Выключатор", "Выключатор\Выключатор.csproj", "{125F38E2-6F90-49AD-8185-C2EE720F5040}"
EndProject
Global
	GlobalSection(SolutionConfigurationPlatforms) = preSolution
		Debug|Any CPU = Debug|Any CPU
		Release|Any CPU = Release|Any CPU
	EndGlobalSection
	GlobalSection(ProjectConfigurationPlatforms) = postSolution
		{125F38E2-6F90-49AD-8185-C2EE720F5040}.Debug|Any CPU.ActiveCfg = Debug|Any CPU
		{125F38E2-6F90-49AD-8185-C2EE720F5040}.Debug|Any CPU.Build.0 = Debug|Any CPU
		{125F38E2-6F90-49AD-8185-C2EE720F5040}.Release|Any CPU.ActiveCfg = Release|Any CPU
		{125F38E2-6F90-49AD-8185-C2EE720F5040}.Release|Any CPU.Build.0 = Release|Any CPU
	EndGlobalSection
	GlobalSection(SolutionProperties) = preSolution
		HideSolutionNode = FALSE
	EndGlobalSection
	GlobalSection(ExtensibilityGlobals) = postSolution
		SolutionGuid = {149E5CBD-18AF-4A8A-AE5B-E76A0310D81C}
	EndGlobalSection
EndGlobal
